// !$*UTF8*$!
{
	archiveVersion = 1;
	classes = {
	};
	objectVersion = 56;
	objects = {

/* Begin PBXBuildFile section */
		2380EE2BCB1A9FA55FC01794 /* Pods_MuplayTests.framework in Frameworks */ = {isa = PBXBuildFile; fileRef = A708667B45A3DB4FFA4EA986 /* Pods_MuplayTests.framework */; };
		5DDCA2BE3AA7C0C443011AE1 /* Pods_Muplay.framework in Frameworks */ = {isa = PBXBuildFile; fileRef = B784A8F565E15D34825EE30A /* Pods_Muplay.framework */; };
		E13739826DF03A6FB8D8B1B1 /* Pods_Muplay_MuplayUITests.framework in Frameworks */ = {isa = PBXBuildFile; fileRef = 2EA2A0AC088DD19113E236CE /* Pods_Muplay_MuplayUITests.framework */; };
		EB033E7B2BE3D33F001C945A /* String+Extension.swift in Sources */ = {isa = PBXBuildFile; fileRef = EB033E7A2BE3D33F001C945A /* String+Extension.swift */; };
		EB033E7D2BE3DB3E001C945A /* HomeInteractor.swift in Sources */ = {isa = PBXBuildFile; fileRef = EB033E7C2BE3DB3E001C945A /* HomeInteractor.swift */; };
		EB2F06552BE2145400D1CF1D /* CommonConstant.swift in Sources */ = {isa = PBXBuildFile; fileRef = EB2F06542BE2145400D1CF1D /* CommonConstant.swift */; };
		EB2F065A2BE222CD00D1CF1D /* HomeView.xib in Resources */ = {isa = PBXBuildFile; fileRef = EB2F06592BE222CD00D1CF1D /* HomeView.xib */; };
		EB2F065B2BE222CD00D1CF1D /* HomeView.swift in Sources */ = {isa = PBXBuildFile; fileRef = EB2F06582BE222CD00D1CF1D /* HomeView.swift */; };
		EB2F065E2BE2297F00D1CF1D /* BaseWindowController.swift in Sources */ = {isa = PBXBuildFile; fileRef = EB2F065D2BE2297F00D1CF1D /* BaseWindowController.swift */; };
		EB2F06632BE2551100D1CF1D /* Bundle+Extension.swift in Sources */ = {isa = PBXBuildFile; fileRef = EB2F06622BE2551100D1CF1D /* Bundle+Extension.swift */; };
		EB2F06672BE258C400D1CF1D /* AppMenu.swift in Sources */ = {isa = PBXBuildFile; fileRef = EB2F06662BE258C400D1CF1D /* AppMenu.swift */; };
		EB2F06692BE2595E00D1CF1D /* NSMenuItem+Extension.swift in Sources */ = {isa = PBXBuildFile; fileRef = EB2F06682BE2595E00D1CF1D /* NSMenuItem+Extension.swift */; };
		EB2F066D2BE25CD800D1CF1D /* NowPlayingGetterInteractor.swift in Sources */ = {isa = PBXBuildFile; fileRef = EB2F066C2BE25CD800D1CF1D /* NowPlayingGetterInteractor.swift */; };
		EB2F066F2BE25CED00D1CF1D /* NowPlayingGetterPresenter.swift in Sources */ = {isa = PBXBuildFile; fileRef = EB2F066E2BE25CED00D1CF1D /* NowPlayingGetterPresenter.swift */; };
		EB2F06712BE25CFE00D1CF1D /* NowPlayingGetterProtocols.swift in Sources */ = {isa = PBXBuildFile; fileRef = EB2F06702BE25CFE00D1CF1D /* NowPlayingGetterProtocols.swift */; };
		EB2F06732BE25D0A00D1CF1D /* NowPlayingGetterContext.swift in Sources */ = {isa = PBXBuildFile; fileRef = EB2F06722BE25D0A00D1CF1D /* NowPlayingGetterContext.swift */; };
		EB2F06762BE266A500D1CF1D /* MediaRemoteHelper.swift in Sources */ = {isa = PBXBuildFile; fileRef = EB2F06752BE266A500D1CF1D /* MediaRemoteHelper.swift */; };
		EB2F06782BE2671600D1CF1D /* MediaRemoteTrackInfo.swift in Sources */ = {isa = PBXBuildFile; fileRef = EB2F06772BE2671600D1CF1D /* MediaRemoteTrackInfo.swift */; };
		EB2F067B2BE2745800D1CF1D /* MediaRemoteConstant.swift in Sources */ = {isa = PBXBuildFile; fileRef = EB2F067A2BE2745800D1CF1D /* MediaRemoteConstant.swift */; };
		EBB848162BE33394000CD60C /* NowPlayingGetterConfigurator.swift in Sources */ = {isa = PBXBuildFile; fileRef = EBB848152BE33394000CD60C /* NowPlayingGetterConfigurator.swift */; };
		EBB848192BE33E3F000CD60C /* BasePanel.swift in Sources */ = {isa = PBXBuildFile; fileRef = EBB848182BE33E3F000CD60C /* BasePanel.swift */; };
		EBF327BB2BE1D7B4007296FF /* AppDelegate.swift in Sources */ = {isa = PBXBuildFile; fileRef = EBF327BA2BE1D7B4007296FF /* AppDelegate.swift */; };
		EBF327BD2BE1D7B5007296FF /* Assets.xcassets in Resources */ = {isa = PBXBuildFile; fileRef = EBF327BC2BE1D7B5007296FF /* Assets.xcassets */; };
		EBF327C02BE1D7B5007296FF /* Base in Resources */ = {isa = PBXBuildFile; fileRef = EBF327BF2BE1D7B5007296FF /* Base */; };
		EBF327CB2BE1D7B5007296FF /* MuplayTests.swift in Sources */ = {isa = PBXBuildFile; fileRef = EBF327CA2BE1D7B5007296FF /* MuplayTests.swift */; };
		EBF327D52BE1D7B5007296FF /* MuplayUITests.swift in Sources */ = {isa = PBXBuildFile; fileRef = EBF327D42BE1D7B5007296FF /* MuplayUITests.swift */; };
		EBF327D72BE1D7B5007296FF /* MuplayUITestsLaunchTests.swift in Sources */ = {isa = PBXBuildFile; fileRef = EBF327D62BE1D7B5007296FF /* MuplayUITestsLaunchTests.swift */; };
		EBF327F12BE1E1C8007296FF /* HomePresenter.swift in Sources */ = {isa = PBXBuildFile; fileRef = EBF327F02BE1E1C8007296FF /* HomePresenter.swift */; };
		EBF327F32BE1E1D4007296FF /* HomeContext.swift in Sources */ = {isa = PBXBuildFile; fileRef = EBF327F22BE1E1D4007296FF /* HomeContext.swift */; };
		EBF327F62BE1E1EE007296FF /* NetworkManager.swift in Sources */ = {isa = PBXBuildFile; fileRef = EBF327F52BE1E1EE007296FF /* NetworkManager.swift */; };
		EBF327F82BE1E344007296FF /* HomeProtocols.swift in Sources */ = {isa = PBXBuildFile; fileRef = EBF327F72BE1E344007296FF /* HomeProtocols.swift */; };
		EBF327FC2BE1E3F1007296FF /* BaseViewController.swift in Sources */ = {isa = PBXBuildFile; fileRef = EBF327FB2BE1E3F1007296FF /* BaseViewController.swift */; };
		EBF327FF2BE1E95C007296FF /* BaseTransparentWindow.swift in Sources */ = {isa = PBXBuildFile; fileRef = EBF327FE2BE1E95C007296FF /* BaseTransparentWindow.swift */; };
		EBF328042BE1EF38007296FF /* main.swift in Sources */ = {isa = PBXBuildFile; fileRef = EBF328032BE1EF38007296FF /* main.swift */; };
		EBF328062BE1F11F007296FF /* HomeConfigurator.swift in Sources */ = {isa = PBXBuildFile; fileRef = EBF328052BE1F11F007296FF /* HomeConfigurator.swift */; };
		EBF328082BE1F284007296FF /* HomeRouter.swift in Sources */ = {isa = PBXBuildFile; fileRef = EBF328072BE1F284007296FF /* HomeRouter.swift */; };
/* End PBXBuildFile section */

/* Begin PBXContainerItemProxy section */
		EBF327C72BE1D7B5007296FF /* PBXContainerItemProxy */ = {
			isa = PBXContainerItemProxy;
			containerPortal = EBF327AF2BE1D7B4007296FF /* Project object */;
			proxyType = 1;
			remoteGlobalIDString = EBF327B62BE1D7B4007296FF;
			remoteInfo = Muplay;
		};
		EBF327D12BE1D7B5007296FF /* PBXContainerItemProxy */ = {
			isa = PBXContainerItemProxy;
			containerPortal = EBF327AF2BE1D7B4007296FF /* Project object */;
			proxyType = 1;
			remoteGlobalIDString = EBF327B62BE1D7B4007296FF;
			remoteInfo = Muplay;
		};
/* End PBXContainerItemProxy section */

/* Begin PBXFileReference section */
		0EFA2B12E3D2B6B333E24AD9 /* Pods-Muplay.release.xcconfig */ = {isa = PBXFileReference; includeInIndex = 1; lastKnownFileType = text.xcconfig; name = "Pods-Muplay.release.xcconfig"; path = "Target Support Files/Pods-Muplay/Pods-Muplay.release.xcconfig"; sourceTree = "<group>"; };
		2EA2A0AC088DD19113E236CE /* Pods_Muplay_MuplayUITests.framework */ = {isa = PBXFileReference; explicitFileType = wrapper.framework; includeInIndex = 0; path = Pods_Muplay_MuplayUITests.framework; sourceTree = BUILT_PRODUCTS_DIR; };
		43DFA2ECF0D1FA782AE9073B /* Pods-MuplayTests.debug.xcconfig */ = {isa = PBXFileReference; includeInIndex = 1; lastKnownFileType = text.xcconfig; name = "Pods-MuplayTests.debug.xcconfig"; path = "Target Support Files/Pods-MuplayTests/Pods-MuplayTests.debug.xcconfig"; sourceTree = "<group>"; };
		856C15F54DCBE2F74A38CDCA /* Pods-MuplayTests.release.xcconfig */ = {isa = PBXFileReference; includeInIndex = 1; lastKnownFileType = text.xcconfig; name = "Pods-MuplayTests.release.xcconfig"; path = "Target Support Files/Pods-MuplayTests/Pods-MuplayTests.release.xcconfig"; sourceTree = "<group>"; };
		9D8DA882D16950A104E8E70F /* Pods-Muplay-MuplayUITests.release.xcconfig */ = {isa = PBXFileReference; includeInIndex = 1; lastKnownFileType = text.xcconfig; name = "Pods-Muplay-MuplayUITests.release.xcconfig"; path = "Target Support Files/Pods-Muplay-MuplayUITests/Pods-Muplay-MuplayUITests.release.xcconfig"; sourceTree = "<group>"; };
		A708667B45A3DB4FFA4EA986 /* Pods_MuplayTests.framework */ = {isa = PBXFileReference; explicitFileType = wrapper.framework; includeInIndex = 0; path = Pods_MuplayTests.framework; sourceTree = BUILT_PRODUCTS_DIR; };
		B784A8F565E15D34825EE30A /* Pods_Muplay.framework */ = {isa = PBXFileReference; explicitFileType = wrapper.framework; includeInIndex = 0; path = Pods_Muplay.framework; sourceTree = BUILT_PRODUCTS_DIR; };
		EB033E7A2BE3D33F001C945A /* String+Extension.swift */ = {isa = PBXFileReference; lastKnownFileType = sourcecode.swift; path = "String+Extension.swift"; sourceTree = "<group>"; };
		EB033E7C2BE3DB3E001C945A /* HomeInteractor.swift */ = {isa = PBXFileReference; lastKnownFileType = sourcecode.swift; path = HomeInteractor.swift; sourceTree = "<group>"; };
		EB2F06542BE2145400D1CF1D /* CommonConstant.swift */ = {isa = PBXFileReference; lastKnownFileType = sourcecode.swift; path = CommonConstant.swift; sourceTree = "<group>"; };
		EB2F06582BE222CD00D1CF1D /* HomeView.swift */ = {isa = PBXFileReference; lastKnownFileType = sourcecode.swift; path = HomeView.swift; sourceTree = "<group>"; };
		EB2F06592BE222CD00D1CF1D /* HomeView.xib */ = {isa = PBXFileReference; lastKnownFileType = file.xib; path = HomeView.xib; sourceTree = "<group>"; };
		EB2F065D2BE2297F00D1CF1D /* BaseWindowController.swift */ = {isa = PBXFileReference; lastKnownFileType = sourcecode.swift; path = BaseWindowController.swift; sourceTree = "<group>"; };
		EB2F06622BE2551100D1CF1D /* Bundle+Extension.swift */ = {isa = PBXFileReference; lastKnownFileType = sourcecode.swift; path = "Bundle+Extension.swift"; sourceTree = "<group>"; };
		EB2F06662BE258C400D1CF1D /* AppMenu.swift */ = {isa = PBXFileReference; lastKnownFileType = sourcecode.swift; path = AppMenu.swift; sourceTree = "<group>"; };
		EB2F06682BE2595E00D1CF1D /* NSMenuItem+Extension.swift */ = {isa = PBXFileReference; lastKnownFileType = sourcecode.swift; path = "NSMenuItem+Extension.swift"; sourceTree = "<group>"; };
		EB2F066C2BE25CD800D1CF1D /* NowPlayingGetterInteractor.swift */ = {isa = PBXFileReference; lastKnownFileType = sourcecode.swift; path = NowPlayingGetterInteractor.swift; sourceTree = "<group>"; };
		EB2F066E2BE25CED00D1CF1D /* NowPlayingGetterPresenter.swift */ = {isa = PBXFileReference; lastKnownFileType = sourcecode.swift; path = NowPlayingGetterPresenter.swift; sourceTree = "<group>"; };
		EB2F06702BE25CFE00D1CF1D /* NowPlayingGetterProtocols.swift */ = {isa = PBXFileReference; lastKnownFileType = sourcecode.swift; path = NowPlayingGetterProtocols.swift; sourceTree = "<group>"; };
		EB2F06722BE25D0A00D1CF1D /* NowPlayingGetterContext.swift */ = {isa = PBXFileReference; lastKnownFileType = sourcecode.swift; path = NowPlayingGetterContext.swift; sourceTree = "<group>"; };
		EB2F06752BE266A500D1CF1D /* MediaRemoteHelper.swift */ = {isa = PBXFileReference; lastKnownFileType = sourcecode.swift; path = MediaRemoteHelper.swift; sourceTree = "<group>"; };
		EB2F06772BE2671600D1CF1D /* MediaRemoteTrackInfo.swift */ = {isa = PBXFileReference; lastKnownFileType = sourcecode.swift; path = MediaRemoteTrackInfo.swift; sourceTree = "<group>"; };
		EB2F067A2BE2745800D1CF1D /* MediaRemoteConstant.swift */ = {isa = PBXFileReference; lastKnownFileType = sourcecode.swift; path = MediaRemoteConstant.swift; sourceTree = "<group>"; };
		EBB848152BE33394000CD60C /* NowPlayingGetterConfigurator.swift */ = {isa = PBXFileReference; lastKnownFileType = sourcecode.swift; path = NowPlayingGetterConfigurator.swift; sourceTree = "<group>"; };
		EBB848182BE33E3F000CD60C /* BasePanel.swift */ = {isa = PBXFileReference; lastKnownFileType = sourcecode.swift; path = BasePanel.swift; sourceTree = "<group>"; };
		EBF327B72BE1D7B4007296FF /* Muplay.app */ = {isa = PBXFileReference; explicitFileType = wrapper.application; includeInIndex = 0; path = Muplay.app; sourceTree = BUILT_PRODUCTS_DIR; };
		EBF327BA2BE1D7B4007296FF /* AppDelegate.swift */ = {isa = PBXFileReference; lastKnownFileType = sourcecode.swift; path = AppDelegate.swift; sourceTree = "<group>"; };
		EBF327BC2BE1D7B5007296FF /* Assets.xcassets */ = {isa = PBXFileReference; lastKnownFileType = folder.assetcatalog; path = Assets.xcassets; sourceTree = "<group>"; };
		EBF327BF2BE1D7B5007296FF /* Base */ = {isa = PBXFileReference; lastKnownFileType = file.xib; name = Base; path = Base.lproj/MainMenu.xib; sourceTree = "<group>"; };
		EBF327C12BE1D7B5007296FF /* Muplay.entitlements */ = {isa = PBXFileReference; lastKnownFileType = text.plist.entitlements; path = Muplay.entitlements; sourceTree = "<group>"; };
		EBF327C62BE1D7B5007296FF /* MuplayTests.xctest */ = {isa = PBXFileReference; explicitFileType = wrapper.cfbundle; includeInIndex = 0; path = MuplayTests.xctest; sourceTree = BUILT_PRODUCTS_DIR; };
		EBF327CA2BE1D7B5007296FF /* MuplayTests.swift */ = {isa = PBXFileReference; lastKnownFileType = sourcecode.swift; path = MuplayTests.swift; sourceTree = "<group>"; };
		EBF327D02BE1D7B5007296FF /* MuplayUITests.xctest */ = {isa = PBXFileReference; explicitFileType = wrapper.cfbundle; includeInIndex = 0; path = MuplayUITests.xctest; sourceTree = BUILT_PRODUCTS_DIR; };
		EBF327D42BE1D7B5007296FF /* MuplayUITests.swift */ = {isa = PBXFileReference; lastKnownFileType = sourcecode.swift; path = MuplayUITests.swift; sourceTree = "<group>"; };
		EBF327D62BE1D7B5007296FF /* MuplayUITestsLaunchTests.swift */ = {isa = PBXFileReference; lastKnownFileType = sourcecode.swift; path = MuplayUITestsLaunchTests.swift; sourceTree = "<group>"; };
		EBF327F02BE1E1C8007296FF /* HomePresenter.swift */ = {isa = PBXFileReference; lastKnownFileType = sourcecode.swift; path = HomePresenter.swift; sourceTree = "<group>"; };
		EBF327F22BE1E1D4007296FF /* HomeContext.swift */ = {isa = PBXFileReference; lastKnownFileType = sourcecode.swift; path = HomeContext.swift; sourceTree = "<group>"; };
		EBF327F52BE1E1EE007296FF /* NetworkManager.swift */ = {isa = PBXFileReference; lastKnownFileType = sourcecode.swift; path = NetworkManager.swift; sourceTree = "<group>"; };
		EBF327F72BE1E344007296FF /* HomeProtocols.swift */ = {isa = PBXFileReference; lastKnownFileType = sourcecode.swift; path = HomeProtocols.swift; sourceTree = "<group>"; };
		EBF327FB2BE1E3F1007296FF /* BaseViewController.swift */ = {isa = PBXFileReference; lastKnownFileType = sourcecode.swift; path = BaseViewController.swift; sourceTree = "<group>"; };
		EBF327FE2BE1E95C007296FF /* BaseTransparentWindow.swift */ = {isa = PBXFileReference; lastKnownFileType = sourcecode.swift; path = BaseTransparentWindow.swift; sourceTree = "<group>"; };
		EBF328032BE1EF38007296FF /* main.swift */ = {isa = PBXFileReference; lastKnownFileType = sourcecode.swift; path = main.swift; sourceTree = "<group>"; };
		EBF328052BE1F11F007296FF /* HomeConfigurator.swift */ = {isa = PBXFileReference; lastKnownFileType = sourcecode.swift; path = HomeConfigurator.swift; sourceTree = "<group>"; };
		EBF328072BE1F284007296FF /* HomeRouter.swift */ = {isa = PBXFileReference; lastKnownFileType = sourcecode.swift; path = HomeRouter.swift; sourceTree = "<group>"; };
		ED2C1B94F4A8EB3055DF5AD3 /* Pods-Muplay.debug.xcconfig */ = {isa = PBXFileReference; includeInIndex = 1; lastKnownFileType = text.xcconfig; name = "Pods-Muplay.debug.xcconfig"; path = "Target Support Files/Pods-Muplay/Pods-Muplay.debug.xcconfig"; sourceTree = "<group>"; };
		EEA0F8DD5B41A4BD4F5F531E /* Pods-Muplay-MuplayUITests.debug.xcconfig */ = {isa = PBXFileReference; includeInIndex = 1; lastKnownFileType = text.xcconfig; name = "Pods-Muplay-MuplayUITests.debug.xcconfig"; path = "Target Support Files/Pods-Muplay-MuplayUITests/Pods-Muplay-MuplayUITests.debug.xcconfig"; sourceTree = "<group>"; };
/* End PBXFileReference section */

/* Begin PBXFrameworksBuildPhase section */
		EBF327B42BE1D7B4007296FF /* Frameworks */ = {
			isa = PBXFrameworksBuildPhase;
			buildActionMask = 2147483647;
			files = (
				5DDCA2BE3AA7C0C443011AE1 /* Pods_Muplay.framework in Frameworks */,
			);
			runOnlyForDeploymentPostprocessing = 0;
		};
		EBF327C32BE1D7B5007296FF /* Frameworks */ = {
			isa = PBXFrameworksBuildPhase;
			buildActionMask = 2147483647;
			files = (
				2380EE2BCB1A9FA55FC01794 /* Pods_MuplayTests.framework in Frameworks */,
			);
			runOnlyForDeploymentPostprocessing = 0;
		};
		EBF327CD2BE1D7B5007296FF /* Frameworks */ = {
			isa = PBXFrameworksBuildPhase;
			buildActionMask = 2147483647;
			files = (
				E13739826DF03A6FB8D8B1B1 /* Pods_Muplay_MuplayUITests.framework in Frameworks */,
			);
			runOnlyForDeploymentPostprocessing = 0;
		};
/* End PBXFrameworksBuildPhase section */

/* Begin PBXGroup section */
		83378943D2A04AE9A3D17441 /* Frameworks */ = {
			isa = PBXGroup;
			children = (
				B784A8F565E15D34825EE30A /* Pods_Muplay.framework */,
				2EA2A0AC088DD19113E236CE /* Pods_Muplay_MuplayUITests.framework */,
				A708667B45A3DB4FFA4EA986 /* Pods_MuplayTests.framework */,
			);
			name = Frameworks;
			sourceTree = "<group>";
		};
		EB2F065C2BE2296100D1CF1D /* NSWindowController */ = {
			isa = PBXGroup;
			children = (
				EB2F065D2BE2297F00D1CF1D /* BaseWindowController.swift */,
			);
			path = NSWindowController;
			sourceTree = "<group>";
		};
		EB2F065F2BE252A700D1CF1D /* Menu */ = {
			isa = PBXGroup;
			children = (
				EB2F06662BE258C400D1CF1D /* AppMenu.swift */,
			);
			path = Menu;
			sourceTree = "<group>";
		};
		EB2F066A2BE25C4200D1CF1D /* Music-service */ = {
			isa = PBXGroup;
			children = (
				EB2F06742BE2668900D1CF1D /* Helper */,
				EB2F066B2BE25C9200D1CF1D /* Now-PlayingGetter */,
			);
			path = "Music-service";
			sourceTree = "<group>";
		};
		EB2F066B2BE25C9200D1CF1D /* Now-PlayingGetter */ = {
			isa = PBXGroup;
			children = (
				EB2F066C2BE25CD800D1CF1D /* NowPlayingGetterInteractor.swift */,
				EB2F066E2BE25CED00D1CF1D /* NowPlayingGetterPresenter.swift */,
				EB2F06702BE25CFE00D1CF1D /* NowPlayingGetterProtocols.swift */,
				EB2F06722BE25D0A00D1CF1D /* NowPlayingGetterContext.swift */,
				EBB848152BE33394000CD60C /* NowPlayingGetterConfigurator.swift */,
			);
			path = "Now-PlayingGetter";
			sourceTree = "<group>";
		};
		EB2F06742BE2668900D1CF1D /* Helper */ = {
			isa = PBXGroup;
			children = (
				EB2F06792BE2673700D1CF1D /* MediaRemoteHelper */,
			);
			path = Helper;
			sourceTree = "<group>";
		};
		EB2F06792BE2673700D1CF1D /* MediaRemoteHelper */ = {
			isa = PBXGroup;
			children = (
				EB2F06752BE266A500D1CF1D /* MediaRemoteHelper.swift */,
				EB2F06772BE2671600D1CF1D /* MediaRemoteTrackInfo.swift */,
				EB2F067A2BE2745800D1CF1D /* MediaRemoteConstant.swift */,
			);
			path = MediaRemoteHelper;
			sourceTree = "<group>";
		};
		EBB848172BE33E2B000CD60C /* NSPanel */ = {
			isa = PBXGroup;
			children = (
				EBB848182BE33E3F000CD60C /* BasePanel.swift */,
			);
			path = NSPanel;
			sourceTree = "<group>";
		};
		EBF327AE2BE1D7B4007296FF = {
			isa = PBXGroup;
			children = (
				EBF327B92BE1D7B4007296FF /* Muplay */,
				EBF327C92BE1D7B5007296FF /* MuplayTests */,
				EBF327D32BE1D7B5007296FF /* MuplayUITests */,
				EBF327B82BE1D7B4007296FF /* Products */,
				FB3C52F602DE46A276E142B4 /* Pods */,
				83378943D2A04AE9A3D17441 /* Frameworks */,
			);
			sourceTree = "<group>";
		};
		EBF327B82BE1D7B4007296FF /* Products */ = {
			isa = PBXGroup;
			children = (
				EBF327B72BE1D7B4007296FF /* Muplay.app */,
				EBF327C62BE1D7B5007296FF /* MuplayTests.xctest */,
				EBF327D02BE1D7B5007296FF /* MuplayUITests.xctest */,
			);
			name = Products;
			sourceTree = "<group>";
		};
		EBF327B92BE1D7B4007296FF /* Muplay */ = {
			isa = PBXGroup;
			children = (
				EBF327E62BE1E086007296FF /* Core */,
				EBF327E52BE1E068007296FF /* Common */,
				EBF327E42BE1DA19007296FF /* App */,
				EBF327E32BE1DA08007296FF /* Modules */,
			);
			path = Muplay;
			sourceTree = "<group>";
		};
		EBF327C92BE1D7B5007296FF /* MuplayTests */ = {
			isa = PBXGroup;
			children = (
				EBF327CA2BE1D7B5007296FF /* MuplayTests.swift */,
			);
			path = MuplayTests;
			sourceTree = "<group>";
		};
		EBF327D32BE1D7B5007296FF /* MuplayUITests */ = {
			isa = PBXGroup;
			children = (
				EBF327D42BE1D7B5007296FF /* MuplayUITests.swift */,
				EBF327D62BE1D7B5007296FF /* MuplayUITestsLaunchTests.swift */,
			);
			path = MuplayUITests;
			sourceTree = "<group>";
		};
		EBF327E32BE1DA08007296FF /* Modules */ = {
			isa = PBXGroup;
			children = (
				EB2F066A2BE25C4200D1CF1D /* Music-service */,
				EBF327E82BE1E098007296FF /* Home */,
			);
			path = Modules;
			sourceTree = "<group>";
		};
		EBF327E42BE1DA19007296FF /* App */ = {
			isa = PBXGroup;
			children = (
				EBF327BA2BE1D7B4007296FF /* AppDelegate.swift */,
				EBF327BC2BE1D7B5007296FF /* Assets.xcassets */,
				EBF328032BE1EF38007296FF /* main.swift */,
				EBF327BE2BE1D7B5007296FF /* MainMenu.xib */,
				EBF327C12BE1D7B5007296FF /* Muplay.entitlements */,
			);
			path = App;
			sourceTree = "<group>";
		};
		EBF327E52BE1E068007296FF /* Common */ = {
			isa = PBXGroup;
			children = (
				EBF327F92BE1E3D6007296FF /* UI */,
				EBF327F42BE1E1DE007296FF /* Utils */,
				EBF327E72BE1E08E007296FF /* Extensions */,
			);
			path = Common;
			sourceTree = "<group>";
		};
		EBF327E62BE1E086007296FF /* Core */ = {
			isa = PBXGroup;
			children = (
			);
			path = Core;
			sourceTree = "<group>";
		};
		EBF327E72BE1E08E007296FF /* Extensions */ = {
			isa = PBXGroup;
			children = (
				EB2F06622BE2551100D1CF1D /* Bundle+Extension.swift */,
				EB2F06682BE2595E00D1CF1D /* NSMenuItem+Extension.swift */,
				EB033E7A2BE3D33F001C945A /* String+Extension.swift */,
			);
			path = Extensions;
			sourceTree = "<group>";
		};
		EBF327E82BE1E098007296FF /* Home */ = {
			isa = PBXGroup;
			children = (
				EBF327EF2BE1E1B6007296FF /* Views */,
				EBF327F02BE1E1C8007296FF /* HomePresenter.swift */,
				EBF327F22BE1E1D4007296FF /* HomeContext.swift */,
				EBF327F72BE1E344007296FF /* HomeProtocols.swift */,
				EBF328052BE1F11F007296FF /* HomeConfigurator.swift */,
				EBF328072BE1F284007296FF /* HomeRouter.swift */,
				EB033E7C2BE3DB3E001C945A /* HomeInteractor.swift */,
			);
			path = Home;
			sourceTree = "<group>";
		};
		EBF327EF2BE1E1B6007296FF /* Views */ = {
			isa = PBXGroup;
			children = (
				EB2F06582BE222CD00D1CF1D /* HomeView.swift */,
				EB2F06592BE222CD00D1CF1D /* HomeView.xib */,
			);
			path = Views;
			sourceTree = "<group>";
		};
		EBF327F42BE1E1DE007296FF /* Utils */ = {
			isa = PBXGroup;
			children = (
				EBF327F52BE1E1EE007296FF /* NetworkManager.swift */,
				EB2F06542BE2145400D1CF1D /* CommonConstant.swift */,
			);
			path = Utils;
			sourceTree = "<group>";
		};
		EBF327F92BE1E3D6007296FF /* UI */ = {
			isa = PBXGroup;
			children = (
				EBB848172BE33E2B000CD60C /* NSPanel */,
				EB2F065F2BE252A700D1CF1D /* Menu */,
				EB2F065C2BE2296100D1CF1D /* NSWindowController */,
				EBF327FD2BE1E937007296FF /* NSWindow */,
				EBF327FA2BE1E3DC007296FF /* ViewController */,
			);
			path = UI;
			sourceTree = "<group>";
		};
		EBF327FA2BE1E3DC007296FF /* ViewController */ = {
			isa = PBXGroup;
			children = (
				EBF327FB2BE1E3F1007296FF /* BaseViewController.swift */,
			);
			path = ViewController;
			sourceTree = "<group>";
		};
		EBF327FD2BE1E937007296FF /* NSWindow */ = {
			isa = PBXGroup;
			children = (
				EBF327FE2BE1E95C007296FF /* BaseTransparentWindow.swift */,
			);
			path = NSWindow;
			sourceTree = "<group>";
		};
		FB3C52F602DE46A276E142B4 /* Pods */ = {
			isa = PBXGroup;
			children = (
				ED2C1B94F4A8EB3055DF5AD3 /* Pods-Muplay.debug.xcconfig */,
				0EFA2B12E3D2B6B333E24AD9 /* Pods-Muplay.release.xcconfig */,
				EEA0F8DD5B41A4BD4F5F531E /* Pods-Muplay-MuplayUITests.debug.xcconfig */,
				9D8DA882D16950A104E8E70F /* Pods-Muplay-MuplayUITests.release.xcconfig */,
				43DFA2ECF0D1FA782AE9073B /* Pods-MuplayTests.debug.xcconfig */,
				856C15F54DCBE2F74A38CDCA /* Pods-MuplayTests.release.xcconfig */,
			);
			path = Pods;
			sourceTree = "<group>";
		};
/* End PBXGroup section */

/* Begin PBXNativeTarget section */
		EBF327B62BE1D7B4007296FF /* Muplay */ = {
			isa = PBXNativeTarget;
			buildConfigurationList = EBF327DA2BE1D7B5007296FF /* Build configuration list for PBXNativeTarget "Muplay" */;
			buildPhases = (
				01ECECCB621FE0C94433174D /* [CP] Check Pods Manifest.lock */,
				EBF327B32BE1D7B4007296FF /* Sources */,
				EBF327B42BE1D7B4007296FF /* Frameworks */,
				EBF327B52BE1D7B4007296FF /* Resources */,
				3FD4FE55C94B982017892B54 /* [CP] Embed Pods Frameworks */,
			);
			buildRules = (
			);
			dependencies = (
			);
			name = Muplay;
			productName = Muplay;
			productReference = EBF327B72BE1D7B4007296FF /* Muplay.app */;
			productType = "com.apple.product-type.application";
		};
		EBF327C52BE1D7B5007296FF /* MuplayTests */ = {
			isa = PBXNativeTarget;
			buildConfigurationList = EBF327DD2BE1D7B5007296FF /* Build configuration list for PBXNativeTarget "MuplayTests" */;
			buildPhases = (
				C944F24D29568E34AD3A49B8 /* [CP] Check Pods Manifest.lock */,
				EBF327C22BE1D7B5007296FF /* Sources */,
				EBF327C32BE1D7B5007296FF /* Frameworks */,
				EBF327C42BE1D7B5007296FF /* Resources */,
			);
			buildRules = (
			);
			dependencies = (
				EBF327C82BE1D7B5007296FF /* PBXTargetDependency */,
			);
			name = MuplayTests;
			productName = MuplayTests;
			productReference = EBF327C62BE1D7B5007296FF /* MuplayTests.xctest */;
			productType = "com.apple.product-type.bundle.unit-test";
		};
		EBF327CF2BE1D7B5007296FF /* MuplayUITests */ = {
			isa = PBXNativeTarget;
			buildConfigurationList = EBF327E02BE1D7B5007296FF /* Build configuration list for PBXNativeTarget "MuplayUITests" */;
			buildPhases = (
				F8F1E763D3A913E3AF04BC00 /* [CP] Check Pods Manifest.lock */,
				EBF327CC2BE1D7B5007296FF /* Sources */,
				EBF327CD2BE1D7B5007296FF /* Frameworks */,
				EBF327CE2BE1D7B5007296FF /* Resources */,
				4550708F42D9F1A803C33DD6 /* [CP] Embed Pods Frameworks */,
			);
			buildRules = (
			);
			dependencies = (
				EBF327D22BE1D7B5007296FF /* PBXTargetDependency */,
			);
			name = MuplayUITests;
			productName = MuplayUITests;
			productReference = EBF327D02BE1D7B5007296FF /* MuplayUITests.xctest */;
			productType = "com.apple.product-type.bundle.ui-testing";
		};
/* End PBXNativeTarget section */

/* Begin PBXProject section */
		EBF327AF2BE1D7B4007296FF /* Project object */ = {
			isa = PBXProject;
			attributes = {
				BuildIndependentTargetsInParallel = 1;
				LastSwiftUpdateCheck = 1530;
				LastUpgradeCheck = 1530;
				TargetAttributes = {
					EBF327B62BE1D7B4007296FF = {
						CreatedOnToolsVersion = 15.3;
					};
					EBF327C52BE1D7B5007296FF = {
						CreatedOnToolsVersion = 15.3;
						TestTargetID = EBF327B62BE1D7B4007296FF;
					};
					EBF327CF2BE1D7B5007296FF = {
						CreatedOnToolsVersion = 15.3;
						TestTargetID = EBF327B62BE1D7B4007296FF;
					};
				};
			};
			buildConfigurationList = EBF327B22BE1D7B4007296FF /* Build configuration list for PBXProject "Muplay" */;
			compatibilityVersion = "Xcode 14.0";
			developmentRegion = en;
			hasScannedForEncodings = 0;
			knownRegions = (
				en,
				Base,
			);
			mainGroup = EBF327AE2BE1D7B4007296FF;
			productRefGroup = EBF327B82BE1D7B4007296FF /* Products */;
			projectDirPath = "";
			projectRoot = "";
			targets = (
				EBF327B62BE1D7B4007296FF /* Muplay */,
				EBF327C52BE1D7B5007296FF /* MuplayTests */,
				EBF327CF2BE1D7B5007296FF /* MuplayUITests */,
			);
		};
/* End PBXProject section */

/* Begin PBXResourcesBuildPhase section */
		EBF327B52BE1D7B4007296FF /* Resources */ = {
			isa = PBXResourcesBuildPhase;
			buildActionMask = 2147483647;
			files = (
				EBF327BD2BE1D7B5007296FF /* Assets.xcassets in Resources */,
				EBF327C02BE1D7B5007296FF /* Base in Resources */,
				EB2F065A2BE222CD00D1CF1D /* HomeView.xib in Resources */,
			);
			runOnlyForDeploymentPostprocessing = 0;
		};
		EBF327C42BE1D7B5007296FF /* Resources */ = {
			isa = PBXResourcesBuildPhase;
			buildActionMask = 2147483647;
			files = (
			);
			runOnlyForDeploymentPostprocessing = 0;
		};
		EBF327CE2BE1D7B5007296FF /* Resources */ = {
			isa = PBXResourcesBuildPhase;
			buildActionMask = 2147483647;
			files = (
			);
			runOnlyForDeploymentPostprocessing = 0;
		};
/* End PBXResourcesBuildPhase section */

/* Begin PBXShellScriptBuildPhase section */
		01ECECCB621FE0C94433174D /* [CP] Check Pods Manifest.lock */ = {
			isa = PBXShellScriptBuildPhase;
			buildActionMask = 2147483647;
			files = (
			);
			inputFileListPaths = (
			);
			inputPaths = (
				"${PODS_PODFILE_DIR_PATH}/Podfile.lock",
				"${PODS_ROOT}/Manifest.lock",
			);
			name = "[CP] Check Pods Manifest.lock";
			outputFileListPaths = (
			);
			outputPaths = (
				"$(DERIVED_FILE_DIR)/Pods-Muplay-checkManifestLockResult.txt",
			);
			runOnlyForDeploymentPostprocessing = 0;
			shellPath = /bin/sh;
			shellScript = "diff \"${PODS_PODFILE_DIR_PATH}/Podfile.lock\" \"${PODS_ROOT}/Manifest.lock\" > /dev/null\nif [ $? != 0 ] ; then\n    # print error to STDERR\n    echo \"error: The sandbox is not in sync with the Podfile.lock. Run 'pod install' or update your CocoaPods installation.\" >&2\n    exit 1\nfi\n# This output is used by Xcode 'outputs' to avoid re-running this script phase.\necho \"SUCCESS\" > \"${SCRIPT_OUTPUT_FILE_0}\"\n";
			showEnvVarsInLog = 0;
		};
		3FD4FE55C94B982017892B54 /* [CP] Embed Pods Frameworks */ = {
			isa = PBXShellScriptBuildPhase;
			buildActionMask = 2147483647;
			files = (
			);
			inputFileListPaths = (
				"${PODS_ROOT}/Target Support Files/Pods-Muplay/Pods-Muplay-frameworks-${CONFIGURATION}-input-files.xcfilelist",
			);
			name = "[CP] Embed Pods Frameworks";
			outputFileListPaths = (
				"${PODS_ROOT}/Target Support Files/Pods-Muplay/Pods-Muplay-frameworks-${CONFIGURATION}-output-files.xcfilelist",
			);
			runOnlyForDeploymentPostprocessing = 0;
			shellPath = /bin/sh;
			shellScript = "\"${PODS_ROOT}/Target Support Files/Pods-Muplay/Pods-Muplay-frameworks.sh\"\n";
			showEnvVarsInLog = 0;
		};
		4550708F42D9F1A803C33DD6 /* [CP] Embed Pods Frameworks */ = {
			isa = PBXShellScriptBuildPhase;
			buildActionMask = 2147483647;
			files = (
			);
			inputFileListPaths = (
				"${PODS_ROOT}/Target Support Files/Pods-Muplay-MuplayUITests/Pods-Muplay-MuplayUITests-frameworks-${CONFIGURATION}-input-files.xcfilelist",
			);
			name = "[CP] Embed Pods Frameworks";
			outputFileListPaths = (
				"${PODS_ROOT}/Target Support Files/Pods-Muplay-MuplayUITests/Pods-Muplay-MuplayUITests-frameworks-${CONFIGURATION}-output-files.xcfilelist",
			);
			runOnlyForDeploymentPostprocessing = 0;
			shellPath = /bin/sh;
			shellScript = "\"${PODS_ROOT}/Target Support Files/Pods-Muplay-MuplayUITests/Pods-Muplay-MuplayUITests-frameworks.sh\"\n";
			showEnvVarsInLog = 0;
		};
		C944F24D29568E34AD3A49B8 /* [CP] Check Pods Manifest.lock */ = {
			isa = PBXShellScriptBuildPhase;
			buildActionMask = 2147483647;
			files = (
			);
			inputFileListPaths = (
			);
			inputPaths = (
				"${PODS_PODFILE_DIR_PATH}/Podfile.lock",
				"${PODS_ROOT}/Manifest.lock",
			);
			name = "[CP] Check Pods Manifest.lock";
			outputFileListPaths = (
			);
			outputPaths = (
				"$(DERIVED_FILE_DIR)/Pods-MuplayTests-checkManifestLockResult.txt",
			);
			runOnlyForDeploymentPostprocessing = 0;
			shellPath = /bin/sh;
			shellScript = "diff \"${PODS_PODFILE_DIR_PATH}/Podfile.lock\" \"${PODS_ROOT}/Manifest.lock\" > /dev/null\nif [ $? != 0 ] ; then\n    # print error to STDERR\n    echo \"error: The sandbox is not in sync with the Podfile.lock. Run 'pod install' or update your CocoaPods installation.\" >&2\n    exit 1\nfi\n# This output is used by Xcode 'outputs' to avoid re-running this script phase.\necho \"SUCCESS\" > \"${SCRIPT_OUTPUT_FILE_0}\"\n";
			showEnvVarsInLog = 0;
		};
		F8F1E763D3A913E3AF04BC00 /* [CP] Check Pods Manifest.lock */ = {
			isa = PBXShellScriptBuildPhase;
			buildActionMask = 2147483647;
			files = (
			);
			inputFileListPaths = (
			);
			inputPaths = (
				"${PODS_PODFILE_DIR_PATH}/Podfile.lock",
				"${PODS_ROOT}/Manifest.lock",
			);
			name = "[CP] Check Pods Manifest.lock";
			outputFileListPaths = (
			);
			outputPaths = (
				"$(DERIVED_FILE_DIR)/Pods-Muplay-MuplayUITests-checkManifestLockResult.txt",
			);
			runOnlyForDeploymentPostprocessing = 0;
			shellPath = /bin/sh;
			shellScript = "diff \"${PODS_PODFILE_DIR_PATH}/Podfile.lock\" \"${PODS_ROOT}/Manifest.lock\" > /dev/null\nif [ $? != 0 ] ; then\n    # print error to STDERR\n    echo \"error: The sandbox is not in sync with the Podfile.lock. Run 'pod install' or update your CocoaPods installation.\" >&2\n    exit 1\nfi\n# This output is used by Xcode 'outputs' to avoid re-running this script phase.\necho \"SUCCESS\" > \"${SCRIPT_OUTPUT_FILE_0}\"\n";
			showEnvVarsInLog = 0;
		};
/* End PBXShellScriptBuildPhase section */

/* Begin PBXSourcesBuildPhase section */
		EBF327B32BE1D7B4007296FF /* Sources */ = {
			isa = PBXSourcesBuildPhase;
			buildActionMask = 2147483647;
			files = (
				EBF328042BE1EF38007296FF /* main.swift in Sources */,
				EB2F06632BE2551100D1CF1D /* Bundle+Extension.swift in Sources */,
				EB2F06762BE266A500D1CF1D /* MediaRemoteHelper.swift in Sources */,
				EB2F06692BE2595E00D1CF1D /* NSMenuItem+Extension.swift in Sources */,
				EB2F066D2BE25CD800D1CF1D /* NowPlayingGetterInteractor.swift in Sources */,
				EB2F06732BE25D0A00D1CF1D /* NowPlayingGetterContext.swift in Sources */,
				EB033E7D2BE3DB3E001C945A /* HomeInteractor.swift in Sources */,
				EB033E7B2BE3D33F001C945A /* String+Extension.swift in Sources */,
				EBF327F12BE1E1C8007296FF /* HomePresenter.swift in Sources */,
				EB2F06552BE2145400D1CF1D /* CommonConstant.swift in Sources */,
				EBF327BB2BE1D7B4007296FF /* AppDelegate.swift in Sources */,
				EBF327F62BE1E1EE007296FF /* NetworkManager.swift in Sources */,
				EB2F065E2BE2297F00D1CF1D /* BaseWindowController.swift in Sources */,
				EB2F06712BE25CFE00D1CF1D /* NowPlayingGetterProtocols.swift in Sources */,
				EB2F066F2BE25CED00D1CF1D /* NowPlayingGetterPresenter.swift in Sources */,
				EBF327FF2BE1E95C007296FF /* BaseTransparentWindow.swift in Sources */,
				EBB848192BE33E3F000CD60C /* BasePanel.swift in Sources */,
				EBF327F32BE1E1D4007296FF /* HomeContext.swift in Sources */,
				EBB848162BE33394000CD60C /* NowPlayingGetterConfigurator.swift in Sources */,
				EB2F06672BE258C400D1CF1D /* AppMenu.swift in Sources */,
				EBF327F82BE1E344007296FF /* HomeProtocols.swift in Sources */,
				EBF328062BE1F11F007296FF /* HomeConfigurator.swift in Sources */,
				EB2F06782BE2671600D1CF1D /* MediaRemoteTrackInfo.swift in Sources */,
				EB2F065B2BE222CD00D1CF1D /* HomeView.swift in Sources */,
				EB2F067B2BE2745800D1CF1D /* MediaRemoteConstant.swift in Sources */,
				EBF327FC2BE1E3F1007296FF /* BaseViewController.swift in Sources */,
				EBF328082BE1F284007296FF /* HomeRouter.swift in Sources */,
			);
			runOnlyForDeploymentPostprocessing = 0;
		};
		EBF327C22BE1D7B5007296FF /* Sources */ = {
			isa = PBXSourcesBuildPhase;
			buildActionMask = 2147483647;
			files = (
				EBF327CB2BE1D7B5007296FF /* MuplayTests.swift in Sources */,
			);
			runOnlyForDeploymentPostprocessing = 0;
		};
		EBF327CC2BE1D7B5007296FF /* Sources */ = {
			isa = PBXSourcesBuildPhase;
			buildActionMask = 2147483647;
			files = (
				EBF327D72BE1D7B5007296FF /* MuplayUITestsLaunchTests.swift in Sources */,
				EBF327D52BE1D7B5007296FF /* MuplayUITests.swift in Sources */,
			);
			runOnlyForDeploymentPostprocessing = 0;
		};
/* End PBXSourcesBuildPhase section */

/* Begin PBXTargetDependency section */
		EBF327C82BE1D7B5007296FF /* PBXTargetDependency */ = {
			isa = PBXTargetDependency;
			target = EBF327B62BE1D7B4007296FF /* Muplay */;
			targetProxy = EBF327C72BE1D7B5007296FF /* PBXContainerItemProxy */;
		};
		EBF327D22BE1D7B5007296FF /* PBXTargetDependency */ = {
			isa = PBXTargetDependency;
			target = EBF327B62BE1D7B4007296FF /* Muplay */;
			targetProxy = EBF327D12BE1D7B5007296FF /* PBXContainerItemProxy */;
		};
/* End PBXTargetDependency section */

/* Begin PBXVariantGroup section */
		EBF327BE2BE1D7B5007296FF /* MainMenu.xib */ = {
			isa = PBXVariantGroup;
			children = (
				EBF327BF2BE1D7B5007296FF /* Base */,
			);
			name = MainMenu.xib;
			sourceTree = "<group>";
		};
/* End PBXVariantGroup section */

/* Begin XCBuildConfiguration section */
		EBF327D82BE1D7B5007296FF /* Debug */ = {
			isa = XCBuildConfiguration;
			buildSettings = {
				ALWAYS_SEARCH_USER_PATHS = NO;
				ASSETCATALOG_COMPILER_GENERATE_SWIFT_ASSET_SYMBOL_EXTENSIONS = YES;
				CLANG_ANALYZER_NONNULL = YES;
				CLANG_ANALYZER_NUMBER_OBJECT_CONVERSION = YES_AGGRESSIVE;
				CLANG_CXX_LANGUAGE_STANDARD = "gnu++20";
				CLANG_ENABLE_MODULES = YES;
				CLANG_ENABLE_OBJC_ARC = YES;
				CLANG_ENABLE_OBJC_WEAK = YES;
				CLANG_WARN_BLOCK_CAPTURE_AUTORELEASING = YES;
				CLANG_WARN_BOOL_CONVERSION = YES;
				CLANG_WARN_COMMA = YES;
				CLANG_WARN_CONSTANT_CONVERSION = YES;
				CLANG_WARN_DEPRECATED_OBJC_IMPLEMENTATIONS = YES;
				CLANG_WARN_DIRECT_OBJC_ISA_USAGE = YES_ERROR;
				CLANG_WARN_DOCUMENTATION_COMMENTS = YES;
				CLANG_WARN_EMPTY_BODY = YES;
				CLANG_WARN_ENUM_CONVERSION = YES;
				CLANG_WARN_INFINITE_RECURSION = YES;
				CLANG_WARN_INT_CONVERSION = YES;
				CLANG_WARN_NON_LITERAL_NULL_CONVERSION = YES;
				CLANG_WARN_OBJC_IMPLICIT_RETAIN_SELF = YES;
				CLANG_WARN_OBJC_LITERAL_CONVERSION = YES;
				CLANG_WARN_OBJC_ROOT_CLASS = YES_ERROR;
				CLANG_WARN_QUOTED_INCLUDE_IN_FRAMEWORK_HEADER = YES;
				CLANG_WARN_RANGE_LOOP_ANALYSIS = YES;
				CLANG_WARN_STRICT_PROTOTYPES = YES;
				CLANG_WARN_SUSPICIOUS_MOVE = YES;
				CLANG_WARN_UNGUARDED_AVAILABILITY = YES_AGGRESSIVE;
				CLANG_WARN_UNREACHABLE_CODE = YES;
				CLANG_WARN__DUPLICATE_METHOD_MATCH = YES;
				COPY_PHASE_STRIP = NO;
				DEBUG_INFORMATION_FORMAT = dwarf;
				ENABLE_STRICT_OBJC_MSGSEND = YES;
				ENABLE_TESTABILITY = YES;
				ENABLE_USER_SCRIPT_SANDBOXING = YES;
				GCC_C_LANGUAGE_STANDARD = gnu17;
				GCC_DYNAMIC_NO_PIC = NO;
				GCC_NO_COMMON_BLOCKS = YES;
				GCC_OPTIMIZATION_LEVEL = 0;
				GCC_PREPROCESSOR_DEFINITIONS = (
					"DEBUG=1",
					"$(inherited)",
				);
				GCC_WARN_64_TO_32_BIT_CONVERSION = YES;
				GCC_WARN_ABOUT_RETURN_TYPE = YES_ERROR;
				GCC_WARN_UNDECLARED_SELECTOR = YES;
				GCC_WARN_UNINITIALIZED_AUTOS = YES_AGGRESSIVE;
				GCC_WARN_UNUSED_FUNCTION = YES;
				GCC_WARN_UNUSED_VARIABLE = YES;
				LOCALIZATION_PREFERS_STRING_CATALOGS = YES;
				MACOSX_DEPLOYMENT_TARGET = 14.4;
				MTL_ENABLE_DEBUG_INFO = INCLUDE_SOURCE;
				MTL_FAST_MATH = YES;
				ONLY_ACTIVE_ARCH = YES;
				SDKROOT = macosx;
				SWIFT_ACTIVE_COMPILATION_CONDITIONS = "DEBUG $(inherited)";
				SWIFT_OPTIMIZATION_LEVEL = "-Onone";
			};
			name = Debug;
		};
		EBF327D92BE1D7B5007296FF /* Release */ = {
			isa = XCBuildConfiguration;
			buildSettings = {
				ALWAYS_SEARCH_USER_PATHS = NO;
				ASSETCATALOG_COMPILER_GENERATE_SWIFT_ASSET_SYMBOL_EXTENSIONS = YES;
				CLANG_ANALYZER_NONNULL = YES;
				CLANG_ANALYZER_NUMBER_OBJECT_CONVERSION = YES_AGGRESSIVE;
				CLANG_CXX_LANGUAGE_STANDARD = "gnu++20";
				CLANG_ENABLE_MODULES = YES;
				CLANG_ENABLE_OBJC_ARC = YES;
				CLANG_ENABLE_OBJC_WEAK = YES;
				CLANG_WARN_BLOCK_CAPTURE_AUTORELEASING = YES;
				CLANG_WARN_BOOL_CONVERSION = YES;
				CLANG_WARN_COMMA = YES;
				CLANG_WARN_CONSTANT_CONVERSION = YES;
				CLANG_WARN_DEPRECATED_OBJC_IMPLEMENTATIONS = YES;
				CLANG_WARN_DIRECT_OBJC_ISA_USAGE = YES_ERROR;
				CLANG_WARN_DOCUMENTATION_COMMENTS = YES;
				CLANG_WARN_EMPTY_BODY = YES;
				CLANG_WARN_ENUM_CONVERSION = YES;
				CLANG_WARN_INFINITE_RECURSION = YES;
				CLANG_WARN_INT_CONVERSION = YES;
				CLANG_WARN_NON_LITERAL_NULL_CONVERSION = YES;
				CLANG_WARN_OBJC_IMPLICIT_RETAIN_SELF = YES;
				CLANG_WARN_OBJC_LITERAL_CONVERSION = YES;
				CLANG_WARN_OBJC_ROOT_CLASS = YES_ERROR;
				CLANG_WARN_QUOTED_INCLUDE_IN_FRAMEWORK_HEADER = YES;
				CLANG_WARN_RANGE_LOOP_ANALYSIS = YES;
				CLANG_WARN_STRICT_PROTOTYPES = YES;
				CLANG_WARN_SUSPICIOUS_MOVE = YES;
				CLANG_WARN_UNGUARDED_AVAILABILITY = YES_AGGRESSIVE;
				CLANG_WARN_UNREACHABLE_CODE = YES;
				CLANG_WARN__DUPLICATE_METHOD_MATCH = YES;
				COPY_PHASE_STRIP = NO;
				DEBUG_INFORMATION_FORMAT = "dwarf-with-dsym";
				ENABLE_NS_ASSERTIONS = NO;
				ENABLE_STRICT_OBJC_MSGSEND = YES;
				ENABLE_USER_SCRIPT_SANDBOXING = YES;
				GCC_C_LANGUAGE_STANDARD = gnu17;
				GCC_NO_COMMON_BLOCKS = YES;
				GCC_WARN_64_TO_32_BIT_CONVERSION = YES;
				GCC_WARN_ABOUT_RETURN_TYPE = YES_ERROR;
				GCC_WARN_UNDECLARED_SELECTOR = YES;
				GCC_WARN_UNINITIALIZED_AUTOS = YES_AGGRESSIVE;
				GCC_WARN_UNUSED_FUNCTION = YES;
				GCC_WARN_UNUSED_VARIABLE = YES;
				LOCALIZATION_PREFERS_STRING_CATALOGS = YES;
				MACOSX_DEPLOYMENT_TARGET = 14.4;
				MTL_ENABLE_DEBUG_INFO = NO;
				MTL_FAST_MATH = YES;
				SDKROOT = macosx;
				SWIFT_COMPILATION_MODE = wholemodule;
			};
			name = Release;
		};
		EBF327DB2BE1D7B5007296FF /* Debug */ = {
			isa = XCBuildConfiguration;
			baseConfigurationReference = ED2C1B94F4A8EB3055DF5AD3 /* Pods-Muplay.debug.xcconfig */;
			buildSettings = {
				ASSETCATALOG_COMPILER_APPICON_NAME = AppIcon;
				ASSETCATALOG_COMPILER_GLOBAL_ACCENT_COLOR_NAME = AccentColor;
				CODE_SIGN_ENTITLEMENTS = Muplay/Muplay.entitlements;
				"CODE_SIGN_IDENTITY[sdk=macosx*]" = "Apple Development";
				CODE_SIGN_STYLE = Automatic;
				COMBINE_HIDPI_IMAGES = YES;
				CURRENT_PROJECT_VERSION = 1;
				DEVELOPMENT_TEAM = R2D4D7YLB2;
				ENABLE_HARDENED_RUNTIME = YES;
				ENABLE_USER_SCRIPT_SANDBOXING = NO;
				GENERATE_INFOPLIST_FILE = YES;
				INFOPLIST_KEY_NSHumanReadableCopyright = "";
				INFOPLIST_KEY_NSPrincipalClass = NSApplication;
				INFOPLIST_KEY_UILaunchStoryboardName = "";
				LD_RUNPATH_SEARCH_PATHS = (
					"$(inherited)",
					"@executable_path/../Frameworks",
				);
				MACOSX_DEPLOYMENT_TARGET = 11.0;
				MARKETING_VERSION = 1.0;
				PRODUCT_BUNDLE_IDENTIFIER = com.dcd.Muplax;
				PRODUCT_NAME = "$(TARGET_NAME)";
				SWIFT_EMIT_LOC_STRINGS = YES;
				SWIFT_VERSION = 5.0;
			};
			name = Debug;
		};
		EBF327DC2BE1D7B5007296FF /* Release */ = {
			isa = XCBuildConfiguration;
			baseConfigurationReference = 0EFA2B12E3D2B6B333E24AD9 /* Pods-Muplay.release.xcconfig */;
			buildSettings = {
				ASSETCATALOG_COMPILER_APPICON_NAME = AppIcon;
				ASSETCATALOG_COMPILER_GLOBAL_ACCENT_COLOR_NAME = AccentColor;
				CODE_SIGN_ENTITLEMENTS = Muplay/Muplay.entitlements;
				"CODE_SIGN_IDENTITY[sdk=macosx*]" = "Apple Development";
				CODE_SIGN_STYLE = Automatic;
				COMBINE_HIDPI_IMAGES = YES;
				CURRENT_PROJECT_VERSION = 1;
				DEVELOPMENT_TEAM = R2D4D7YLB2;
				ENABLE_HARDENED_RUNTIME = YES;
				ENABLE_USER_SCRIPT_SANDBOXING = NO;
				GENERATE_INFOPLIST_FILE = YES;
				INFOPLIST_KEY_NSHumanReadableCopyright = "";
				INFOPLIST_KEY_NSPrincipalClass = NSApplication;
				INFOPLIST_KEY_UILaunchStoryboardName = "";
				LD_RUNPATH_SEARCH_PATHS = (
					"$(inherited)",
					"@executable_path/../Frameworks",
				);
				MACOSX_DEPLOYMENT_TARGET = 11.0;
				MARKETING_VERSION = 1.0;
				PRODUCT_BUNDLE_IDENTIFIER = com.dcd.Muplax;
				PRODUCT_NAME = "$(TARGET_NAME)";
				SWIFT_EMIT_LOC_STRINGS = YES;
				SWIFT_VERSION = 5.0;
			};
			name = Release;
		};
		EBF327DE2BE1D7B5007296FF /* Debug */ = {
			isa = XCBuildConfiguration;
			baseConfigurationReference = 43DFA2ECF0D1FA782AE9073B /* Pods-MuplayTests.debug.xcconfig */;
			buildSettings = {
				ALWAYS_EMBED_SWIFT_STANDARD_LIBRARIES = YES;
				BUNDLE_LOADER = "$(TEST_HOST)";
				CODE_SIGN_STYLE = Automatic;
				CURRENT_PROJECT_VERSION = 1;
				DEVELOPMENT_TEAM = R2D4D7YLB2;
				GENERATE_INFOPLIST_FILE = YES;
				MACOSX_DEPLOYMENT_TARGET = 14.4;
				MARKETING_VERSION = 1.0;
				PRODUCT_BUNDLE_IDENTIFIER = com.dcd.MuplayTests;
				PRODUCT_NAME = "$(TARGET_NAME)";
				SWIFT_EMIT_LOC_STRINGS = NO;
				SWIFT_VERSION = 5.0;
				TEST_HOST = "$(BUILT_PRODUCTS_DIR)/Muplay.app/$(BUNDLE_EXECUTABLE_FOLDER_PATH)/Muplay";
			};
			name = Debug;
		};
		EBF327DF2BE1D7B5007296FF /* Release */ = {
			isa = XCBuildConfiguration;
			baseConfigurationReference = 856C15F54DCBE2F74A38CDCA /* Pods-MuplayTests.release.xcconfig */;
			buildSettings = {
				ALWAYS_EMBED_SWIFT_STANDARD_LIBRARIES = YES;
				BUNDLE_LOADER = "$(TEST_HOST)";
				CODE_SIGN_STYLE = Automatic;
				CURRENT_PROJECT_VERSION = 1;
				DEVELOPMENT_TEAM = R2D4D7YLB2;
				GENERATE_INFOPLIST_FILE = YES;
				MACOSX_DEPLOYMENT_TARGET = 14.4;
				MARKETING_VERSION = 1.0;
				PRODUCT_BUNDLE_IDENTIFIER = com.dcd.MuplayTests;
				PRODUCT_NAME = "$(TARGET_NAME)";
				SWIFT_EMIT_LOC_STRINGS = NO;
				SWIFT_VERSION = 5.0;
				TEST_HOST = "$(BUILT_PRODUCTS_DIR)/Muplay.app/$(BUNDLE_EXECUTABLE_FOLDER_PATH)/Muplay";
			};
			name = Release;
		};
		EBF327E12BE1D7B5007296FF /* Debug */ = {
			isa = XCBuildConfiguration;
			baseConfigurationReference = EEA0F8DD5B41A4BD4F5F531E /* Pods-Muplay-MuplayUITests.debug.xcconfig */;
			buildSettings = {
				ALWAYS_EMBED_SWIFT_STANDARD_LIBRARIES = YES;
				CODE_SIGN_STYLE = Automatic;
				CURRENT_PROJECT_VERSION = 1;
				DEVELOPMENT_TEAM = R2D4D7YLB2;
				GENERATE_INFOPLIST_FILE = YES;
				MARKETING_VERSION = 1.0;
				PRODUCT_BUNDLE_IDENTIFIER = com.dcd.MuplayUITests;
				PRODUCT_NAME = "$(TARGET_NAME)";
				SWIFT_EMIT_LOC_STRINGS = NO;
				SWIFT_VERSION = 5.0;
				TEST_TARGET_NAME = Muplay;
			};
			name = Debug;
		};
		EBF327E22BE1D7B5007296FF /* Release */ = {
			isa = XCBuildConfiguration;
			baseConfigurationReference = 9D8DA882D16950A104E8E70F /* Pods-Muplay-MuplayUITests.release.xcconfig */;
			buildSettings = {
				ALWAYS_EMBED_SWIFT_STANDARD_LIBRARIES = YES;
				CODE_SIGN_STYLE = Automatic;
				CURRENT_PROJECT_VERSION = 1;
				DEVELOPMENT_TEAM = R2D4D7YLB2;
				GENERATE_INFOPLIST_FILE = YES;
				MARKETING_VERSION = 1.0;
				PRODUCT_BUNDLE_IDENTIFIER = com.dcd.MuplayUITests;
				PRODUCT_NAME = "$(TARGET_NAME)";
				SWIFT_EMIT_LOC_STRINGS = NO;
				SWIFT_VERSION = 5.0;
				TEST_TARGET_NAME = Muplay;
			};
			name = Release;
		};
/* End XCBuildConfiguration section */

/* Begin XCConfigurationList section */
		EBF327B22BE1D7B4007296FF /* Build configuration list for PBXProject "Muplay" */ = {
			isa = XCConfigurationList;
			buildConfigurations = (
				EBF327D82BE1D7B5007296FF /* Debug */,
				EBF327D92BE1D7B5007296FF /* Release */,
			);
			defaultConfigurationIsVisible = 0;
			defaultConfigurationName = Release;
		};
		EBF327DA2BE1D7B5007296FF /* Build configuration list for PBXNativeTarget "Muplay" */ = {
			isa = XCConfigurationList;
			buildConfigurations = (
				EBF327DB2BE1D7B5007296FF /* Debug */,
				EBF327DC2BE1D7B5007296FF /* Release */,
			);
			defaultConfigurationIsVisible = 0;
			defaultConfigurationName = Release;
		};
		EBF327DD2BE1D7B5007296FF /* Build configuration list for PBXNativeTarget "MuplayTests" */ = {
			isa = XCConfigurationList;
			buildConfigurations = (
				EBF327DE2BE1D7B5007296FF /* Debug */,
				EBF327DF2BE1D7B5007296FF /* Release */,
			);
			defaultConfigurationIsVisible = 0;
			defaultConfigurationName = Release;
		};
		EBF327E02BE1D7B5007296FF /* Build configuration list for PBXNativeTarget "MuplayUITests" */ = {
			isa = XCConfigurationList;
			buildConfigurations = (
				EBF327E12BE1D7B5007296FF /* Debug */,
				EBF327E22BE1D7B5007296FF /* Release */,
			);
			defaultConfigurationIsVisible = 0;
			defaultConfigurationName = Release;
		};
/* End XCConfigurationList section */
	};
	rootObject = EBF327AF2BE1D7B4007296FF /* Project object */;
}
